// !$*UTF8*$!
{
	archiveVersion = 1;
	classes = {
	};
	objectVersion = 46;
	objects = {

/* Begin PBXBuildFile section */
		984A44441CC94685008F6897 /* music.mp3 in Resources */ = {isa = PBXBuildFile; fileRef = 984A44431CC94685008F6897 /* music.mp3 */; };
		984A44461CC95147008F6897 /* PokemonDetailVC.swift in Sources */ = {isa = PBXBuildFile; fileRef = 984A44451CC95147008F6897 /* PokemonDetailVC.swift */; };
		98857C701CC939E900DA3BB7 /* Pokemon.ttf in Resources */ = {isa = PBXBuildFile; fileRef = 98857C6F1CC939E900DA3BB7 /* Pokemon.ttf */; };
		98A047031CC314300041859D /* AppDelegate.swift in Sources */ = {isa = PBXBuildFile; fileRef = 98A047021CC314300041859D /* AppDelegate.swift */; };
		98A047051CC314300041859D /* ViewController.swift in Sources */ = {isa = PBXBuildFile; fileRef = 98A047041CC314300041859D /* ViewController.swift */; };
		98A047081CC314300041859D /* Main.storyboard in Resources */ = {isa = PBXBuildFile; fileRef = 98A047061CC314300041859D /* Main.storyboard */; };
		98A0470A1CC314300041859D /* Assets.xcassets in Resources */ = {isa = PBXBuildFile; fileRef = 98A047091CC314300041859D /* Assets.xcassets */; };
		98A0470D1CC314300041859D /* LaunchScreen.storyboard in Resources */ = {isa = PBXBuildFile; fileRef = 98A0470B1CC314300041859D /* LaunchScreen.storyboard */; };
		98A047151CC315BD0041859D /* pokemon.csv in Resources */ = {isa = PBXBuildFile; fileRef = 98A047141CC315BD0041859D /* pokemon.csv */; };
		98A047181CC317500041859D /* Pokemon.swift in Sources */ = {isa = PBXBuildFile; fileRef = 98A047171CC317500041859D /* Pokemon.swift */; };
		98A0471B1CC320090041859D /* PokeCell.swift in Sources */ = {isa = PBXBuildFile; fileRef = 98A0471A1CC320090041859D /* PokeCell.swift */; };
		98A0471D1CC82ED70041859D /* csv.swift in Sources */ = {isa = PBXBuildFile; fileRef = 98A0471C1CC82ED70041859D /* csv.swift */; };
/* End PBXBuildFile section */

/* Begin PBXFileReference section */
		984A44431CC94685008F6897 /* music.mp3 */ = {isa = PBXFileReference; lastKnownFileType = audio.mp3; path = music.mp3; sourceTree = "<group>"; };
		984A44451CC95147008F6897 /* PokemonDetailVC.swift */ = {isa = PBXFileReference; fileEncoding = 4; lastKnownFileType = sourcecode.swift; path = PokemonDetailVC.swift; sourceTree = "<group>"; };
		98857C6F1CC939E900DA3BB7 /* Pokemon.ttf */ = {isa = PBXFileReference; lastKnownFileType = file; path = Pokemon.ttf; sourceTree = "<group>"; };
		98A046FF1CC314300041859D /* pokedex-by-me.app */ = {isa = PBXFileReference; explicitFileType = wrapper.application; includeInIndex = 0; path = "pokedex-by-me.app"; sourceTree = BUILT_PRODUCTS_DIR; };
		98A047021CC314300041859D /* AppDelegate.swift */ = {isa = PBXFileReference; lastKnownFileType = sourcecode.swift; path = AppDelegate.swift; sourceTree = "<group>"; };
		98A047041CC314300041859D /* ViewController.swift */ = {isa = PBXFileReference; lastKnownFileType = sourcecode.swift; path = ViewController.swift; sourceTree = "<group>"; };
		98A047071CC314300041859D /* Base */ = {isa = PBXFileReference; lastKnownFileType = file.storyboard; name = Base; path = Base.lproj/Main.storyboard; sourceTree = "<group>"; };
		98A047091CC314300041859D /* Assets.xcassets */ = {isa = PBXFileReference; lastKnownFileType = folder.assetcatalog; path = Assets.xcassets; sourceTree = "<group>"; };
		98A0470C1CC314300041859D /* Base */ = {isa = PBXFileReference; lastKnownFileType = file.storyboard; name = Base; path = Base.lproj/LaunchScreen.storyboard; sourceTree = "<group>"; };
		98A0470E1CC314300041859D /* Info.plist */ = {isa = PBXFileReference; lastKnownFileType = text.plist.xml; path = Info.plist; sourceTree = "<group>"; };
		98A047141CC315BD0041859D /* pokemon.csv */ = {isa = PBXFileReference; fileEncoding = 4; lastKnownFileType = text; path = pokemon.csv; sourceTree = "<group>"; };
		98A047171CC317500041859D /* Pokemon.swift */ = {isa = PBXFileReference; fileEncoding = 4; lastKnownFileType = sourcecode.swift; path = Pokemon.swift; sourceTree = "<group>"; };
		98A0471A1CC320090041859D /* PokeCell.swift */ = {isa = PBXFileReference; fileEncoding = 4; lastKnownFileType = sourcecode.swift; path = PokeCell.swift; sourceTree = "<group>"; };
		98A0471C1CC82ED70041859D /* csv.swift */ = {isa = PBXFileReference; fileEncoding = 4; lastKnownFileType = sourcecode.swift; path = csv.swift; sourceTree = "<group>"; };
/* End PBXFileReference section */

/* Begin PBXFrameworksBuildPhase section */
		98A046FC1CC314300041859D /* Frameworks */ = {
			isa = PBXFrameworksBuildPhase;
			buildActionMask = 2147483647;
			files = (
			);
			runOnlyForDeploymentPostprocessing = 0;
		};
/* End PBXFrameworksBuildPhase section */

/* Begin PBXGroup section */
		98A046F61CC314300041859D = {
			isa = PBXGroup;
			children = (
				98A047011CC314300041859D /* pokedex-by-me */,
				98A047001CC314300041859D /* Products */,
			);
			sourceTree = "<group>";
		};
		98A047001CC314300041859D /* Products */ = {
			isa = PBXGroup;
			children = (
				98A046FF1CC314300041859D /* pokedex-by-me.app */,
			);
			name = Products;
			sourceTree = "<group>";
		};
		98A047011CC314300041859D /* pokedex-by-me */ = {
			isa = PBXGroup;
			children = (
				98A047161CC3173E0041859D /* Model */,
				98A047191CC31FCC0041859D /* View */,
				98A0471F1CC82F0E0041859D /* Controller */,
				98A0471E1CC82EF50041859D /* Util */,
				98A047201CC82F2C0041859D /* Resources */,
				98A047021CC314300041859D /* AppDelegate.swift */,
				98A047061CC314300041859D /* Main.storyboard */,
				98A047091CC314300041859D /* Assets.xcassets */,
				98A0470B1CC314300041859D /* LaunchScreen.storyboard */,
				98A0470E1CC314300041859D /* Info.plist */,
			);
			path = "pokedex-by-me";
			sourceTree = "<group>";
		};
		98A047161CC3173E0041859D /* Model */ = {
			isa = PBXGroup;
			children = (
				98A047171CC317500041859D /* Pokemon.swift */,
			);
			name = Model;
			sourceTree = "<group>";
		};
		98A047191CC31FCC0041859D /* View */ = {
			isa = PBXGroup;
			children = (
				98A0471A1CC320090041859D /* PokeCell.swift */,
			);
			name = View;
			sourceTree = "<group>";
		};
		98A0471E1CC82EF50041859D /* Util */ = {
			isa = PBXGroup;
			children = (
				98A0471C1CC82ED70041859D /* csv.swift */,
			);
			name = Util;
			sourceTree = "<group>";
		};
		98A0471F1CC82F0E0041859D /* Controller */ = {
			isa = PBXGroup;
			children = (
				98A047041CC314300041859D /* ViewController.swift */,
				984A44451CC95147008F6897 /* PokemonDetailVC.swift */,
			);
			name = Controller;
			sourceTree = "<group>";
		};
		98A047201CC82F2C0041859D /* Resources */ = {
			isa = PBXGroup;
			children = (
				984A44431CC94685008F6897 /* music.mp3 */,
				98857C6F1CC939E900DA3BB7 /* Pokemon.ttf */,
				98A047141CC315BD0041859D /* pokemon.csv */,
			);
			name = Resources;
			sourceTree = "<group>";
		};
/* End PBXGroup section */

/* Begin PBXNativeTarget section */
		98A046FE1CC314300041859D /* pokedex-by-me */ = {
			isa = PBXNativeTarget;
			buildConfigurationList = 98A047111CC314300041859D /* Build configuration list for PBXNativeTarget "pokedex-by-me" */;
			buildPhases = (
				98A046FB1CC314300041859D /* Sources */,
				98A046FC1CC314300041859D /* Frameworks */,
				98A046FD1CC314300041859D /* Resources */,
			);
			buildRules = (
			);
			dependencies = (
			);
			name = "pokedex-by-me";
			productName = "pokedex-by-me";
			productReference = 98A046FF1CC314300041859D /* pokedex-by-me.app */;
			productType = "com.apple.product-type.application";
		};
/* End PBXNativeTarget section */

/* Begin PBXProject section */
		98A046F71CC314300041859D /* Project object */ = {
			isa = PBXProject;
			attributes = {
				LastSwiftUpdateCheck = 0730;
				LastUpgradeCheck = 0730;
				ORGANIZATIONNAME = "Magic By Larsen";
				TargetAttributes = {
					98A046FE1CC314300041859D = {
						CreatedOnToolsVersion = 7.3;
					};
				};
			};
			buildConfigurationList = 98A046FA1CC314300041859D /* Build configuration list for PBXProject "pokedex-by-me" */;
			compatibilityVersion = "Xcode 3.2";
			developmentRegion = English;
			hasScannedForEncodings = 0;
			knownRegions = (
				en,
				Base,
			);
			mainGroup = 98A046F61CC314300041859D;
			productRefGroup = 98A047001CC314300041859D /* Products */;
			projectDirPath = "";
			projectRoot = "";
			targets = (
				98A046FE1CC314300041859D /* pokedex-by-me */,
			);
		};
/* End PBXProject section */

/* Begin PBXResourcesBuildPhase section */
		98A046FD1CC314300041859D /* Resources */ = {
			isa = PBXResourcesBuildPhase;
			buildActionMask = 2147483647;
			files = (
				98A0470D1CC314300041859D /* LaunchScreen.storyboard in Resources */,
				98857C701CC939E900DA3BB7 /* Pokemon.ttf in Resources */,
				984A44441CC94685008F6897 /* music.mp3 in Resources */,
				98A0470A1CC314300041859D /* Assets.xcassets in Resources */,
				98A047151CC315BD0041859D /* pokemon.csv in Resources */,
				98A047081CC314300041859D /* Main.storyboard in Resources */,
			);
			runOnlyForDeploymentPostprocessing = 0;
		};
/* End PBXResourcesBuildPhase section */

/* Begin PBXSourcesBuildPhase section */
		98A046FB1CC314300041859D /* Sources */ = {
			isa = PBXSourcesBuildPhase;
			buildActionMask = 2147483647;
			files = (
				98A0471B1CC320090041859D /* PokeCell.swift in Sources */,
				98A047051CC314300041859D /* ViewController.swift in Sources */,
				98A047031CC314300041859D /* AppDelegate.swift in Sources */,
				984A44461CC95147008F6897 /* PokemonDetailVC.swift in Sources */,
				98A047181CC317500041859D /* Pokemon.swift in Sources */,
				98A0471D1CC82ED70041859D /* csv.swift in Sources */,
			);
			runOnlyForDeploymentPostprocessing = 0;
		};
/* End PBXSourcesBuildPhase section */

/* Begin PBXVariantGroup section */
		98A047061CC314300041859D /* Main.storyboard */ = {
			isa = PBXVariantGroup;
			children = (
				98A047071CC314300041859D /* Base */,
			);
			name = Main.storyboard;
			sourceTree = "<group>";
		};
		98A0470B1CC314300041859D /* LaunchScreen.storyboard */ = {
			isa = PBXVariantGroup;
			children = (
				98A0470C1CC314300041859D /* Base */,
			);
			name = LaunchScreen.storyboard;
			sourceTree = "<group>";
		};
/* End PBXVariantGroup section */

/* Begin XCBuildConfiguration section */
		98A0470F1CC314300041859D /* Debug */ = {
			isa = XCBuildConfiguration;
			buildSettings = {
				ALWAYS_SEARCH_USER_PATHS = NO;
				CLANG_ANALYZER_NONNULL = YES;
				CLANG_CXX_LANGUAGE_STANDARD = "gnu++0x";
				CLANG_CXX_LIBRARY = "libc++";
				CLANG_ENABLE_MODULES = YES;
				CLANG_ENABLE_OBJC_ARC = YES;
				CLANG_WARN_BOOL_CONVERSION = YES;
				CLANG_WARN_CONSTANT_CONVERSION = YES;
				CLANG_WARN_DIRECT_OBJC_ISA_USAGE = YES_ERROR;
				CLANG_WARN_EMPTY_BODY = YES;
				CLANG_WARN_ENUM_CONVERSION = YES;
				CLANG_WARN_INT_CONVERSION = YES;
				CLANG_WARN_OBJC_ROOT_CLASS = YES_ERROR;
				CLANG_WARN_UNREACHABLE_CODE = YES;
				CLANG_WARN__DUPLICATE_METHOD_MATCH = YES;
				"CODE_SIGN_IDENTITY[sdk=iphoneos*]" = "iPhone Developer";
				COPY_PHASE_STRIP = NO;
				DEBUG_INFORMATION_FORMAT = dwarf;
				ENABLE_STRICT_OBJC_MSGSEND = YES;
				ENABLE_TESTABILITY = YES;
				GCC_C_LANGUAGE_STANDARD = gnu99;
				GCC_DYNAMIC_NO_PIC = NO;
				GCC_NO_COMMON_BLOCKS = YES;
				GCC_OPTIMIZATION_LEVEL = 0;
				GCC_PREPROCESSOR_DEFINITIONS = (
					"DEBUG=1",
					"$(inherited)",
				);
				GCC_WARN_64_TO_32_BIT_CONVERSION = YES;
				GCC_WARN_ABOUT_RETURN_TYPE = YES_ERROR;
				GCC_WARN_UNDECLARED_SELECTOR = YES;
				GCC_WARN_UNINITIALIZED_AUTOS = YES_AGGRESSIVE;
				GCC_WARN_UNUSED_FUNCTION = YES;
				GCC_WARN_UNUSED_VARIABLE = YES;
				IPHONEOS_DEPLOYMENT_TARGET = 9.3;
				MTL_ENABLE_DEBUG_INFO = YES;
				ONLY_ACTIVE_ARCH = YES;
				SDKROOT = iphoneos;
				SWIFT_OPTIMIZATION_LEVEL = "-Onone";
			};
			name = Debug;
		};
		98A047101CC314300041859D /* Release */ = {
			isa = XCBuildConfiguration;
			buildSettings = {
				ALWAYS_SEARCH_USER_PATHS = NO;
				CLANG_ANALYZER_NONNULL = YES;
				CLANG_CXX_LANGUAGE_STANDARD = "gnu++0x";
				CLANG_CXX_LIBRARY = "libc++";
				CLANG_ENABLE_MODULES = YES;
				CLANG_ENABLE_OBJC_ARC = YES;
				CLANG_WARN_BOOL_CONVERSION = YES;
				CLANG_WARN_CONSTANT_CONVERSION = YES;
				CLANG_WARN_DIRECT_OBJC_ISA_USAGE = YES_ERROR;
				CLANG_WARN_EMPTY_BODY = YES;
				CLANG_WARN_ENUM_CONVERSION = YES;
				CLANG_WARN_INT_CONVERSION = YES;
				CLANG_WARN_OBJC_ROOT_CLASS = YES_ERROR;
				CLANG_WARN_UNREACHABLE_CODE = YES;
				CLANG_WARN__DUPLICATE_METHOD_MATCH = YES;
				"CODE_SIGN_IDENTITY[sdk=iphoneos*]" = "iPhone Developer";
				COPY_PHASE_STRIP = NO;
				DEBUG_INFORMATION_FORMAT = "dwarf-with-dsym";
				ENABLE_NS_ASSERTIONS = NO;
				ENABLE_STRICT_OBJC_MSGSEND = YES;
				GCC_C_LANGUAGE_STANDARD = gnu99;
				GCC_NO_COMMON_BLOCKS = YES;
				GCC_WARN_64_TO_32_BIT_CONVERSION = YES;
				GCC_WARN_ABOUT_RETURN_TYPE = YES_ERROR;
				GCC_WARN_UNDECLARED_SELECTOR = YES;
				GCC_WARN_UNINITIALIZED_AUTOS = YES_AGGRESSIVE;
				GCC_WARN_UNUSED_FUNCTION = YES;
				GCC_WARN_UNUSED_VARIABLE = YES;
				IPHONEOS_DEPLOYMENT_TARGET = 9.3;
				MTL_ENABLE_DEBUG_INFO = NO;
				SDKROOT = iphoneos;
				VALIDATE_PRODUCT = YES;
			};
			name = Release;
		};
		98A047121CC314300041859D /* Debug */ = {
			isa = XCBuildConfiguration;
			buildSettings = {
				ASSETCATALOG_COMPILER_APPICON_NAME = AppIcon;
				INFOPLIST_FILE = "pokedex-by-me/Info.plist";
				LD_RUNPATH_SEARCH_PATHS = "$(inherited) @executable_path/Frameworks";
				PRODUCT_BUNDLE_IDENTIFIER = "com.magicbylarsen.pokedex-by-me";
				PRODUCT_NAME = "$(TARGET_NAME)";
			};
			name = Debug;
		};
		98A047131CC314300041859D /* Release */ = {
			isa = XCBuildConfiguration;
			buildSettings = {
				ASSETCATALOG_COMPILER_APPICON_NAME = AppIcon;
				INFOPLIST_FILE = "pokedex-by-me/Info.plist";
				LD_RUNPATH_SEARCH_PATHS = "$(inherited) @executable_path/Frameworks";
				PRODUCT_BUNDLE_IDENTIFIER = "com.magicbylarsen.pokedex-by-me";
				PRODUCT_NAME = "$(TARGET_NAME)";
			};
			name = Release;
		};
/* End XCBuildConfiguration section */

/* Begin XCConfigurationList section */
		98A046FA1CC314300041859D /* Build configuration list for PBXProject "pokedex-by-me" */ = {
			isa = XCConfigurationList;
			buildConfigurations = (
				98A0470F1CC314300041859D /* Debug */,
				98A047101CC314300041859D /* Release */,
			);
			defaultConfigurationIsVisible = 0;
			defaultConfigurationName = Release;
		};
		98A047111CC314300041859D /* Build configuration list for PBXNativeTarget "pokedex-by-me" */ = {
			isa = XCConfigurationList;
			buildConfigurations = (
				98A047121CC314300041859D /* Debug */,
				98A047131CC314300041859D /* Release */,
			);
			defaultConfigurationIsVisible = 0;
			defaultConfigurationName = Release;
		};
/* End XCConfigurationList section */
	};
	rootObject = 98A046F71CC314300041859D /* Project object */;
}
